
Microsoft Visual Studio Solution File, Format Version 12.00
# Visual Studio Version 16
VisualStudioVersion = 16.0.30204.135
MinimumVisualStudioVersion = 10.0.40219.1
Project("{FAE04EC0-301F-11D3-BF4B-00C04F79EFBC}") = "AiroportApplication", "AiroportApplication\AiroportApplication.csproj", "{8C6D514E-C830-45EC-9BA3-E401D24E6131}"
EndProject
Global
	GlobalSection(SolutionConfigurationPlatforms) = preSolution
		Debug|Any CPU = Debug|Any CPU
		Release|Any CPU = Release|Any CPU
	EndGlobalSection
	GlobalSection(ProjectConfigurationPlatforms) = postSolution
		{8C6D514E-C830-45EC-9BA3-E401D24E6131}.Debug|Any CPU.ActiveCfg = Debug|Any CPU
		{8C6D514E-C830-45EC-9BA3-E401D24E6131}.Debug|Any CPU.Build.0 = Debug|Any CPU
		{8C6D514E-C830-45EC-9BA3-E401D24E6131}.Release|Any CPU.ActiveCfg = Release|Any CPU
		{8C6D514E-C830-45EC-9BA3-E401D24E6131}.Release|Any CPU.Build.0 = Release|Any CPU
	EndGlobalSection
	GlobalSection(SolutionProperties) = preSolution
		HideSolutionNode = FALSE
	EndGlobalSection
	GlobalSection(ExtensibilityGlobals) = postSolution
		SolutionGuid = {766BE22F-77A9-4467-8EF2-84F58DB1F1FD}
	EndGlobalSection
EndGlobal
