
Microsoft Visual Studio Solution File, Format Version 12.00
# Visual Studio Version 16
VisualStudioVersion = 16.0.30204.135
MinimumVisualStudioVersion = 10.0.40219.1
Project("{FAE04EC0-301F-11D3-BF4B-00C04F79EFBC}") = "GuardApp", "GuardApp\GuardApp.csproj", "{BDFB9241-13DF-4E18-8FF7-ACD14EAA270F}"
EndProject
Global
	GlobalSection(SolutionConfigurationPlatforms) = preSolution
		Debug|Any CPU = Debug|Any CPU
		Release|Any CPU = Release|Any CPU
	EndGlobalSection
	GlobalSection(ProjectConfigurationPlatforms) = postSolution
		{BDFB9241-13DF-4E18-8FF7-ACD14EAA270F}.Debug|Any CPU.ActiveCfg = Debug|Any CPU
		{BDFB9241-13DF-4E18-8FF7-ACD14EAA270F}.Debug|Any CPU.Build.0 = Debug|Any CPU
		{BDFB9241-13DF-4E18-8FF7-ACD14EAA270F}.Release|Any CPU.ActiveCfg = Release|Any CPU
		{BDFB9241-13DF-4E18-8FF7-ACD14EAA270F}.Release|Any CPU.Build.0 = Release|Any CPU
	EndGlobalSection
	GlobalSection(SolutionProperties) = preSolution
		HideSolutionNode = FALSE
	EndGlobalSection
	GlobalSection(ExtensibilityGlobals) = postSolution
		SolutionGuid = {781B1E62-D787-4B97-9DB8-CED8315E4868}
	EndGlobalSection
EndGlobal
